
Microsoft Visual Studio Solution File, Format Version 12.00
Project("{FAE04EC0-301F-11D3-BF4B-00C04F79EFBC}") = "DirectedAcrylicGraph", "DirectedAcrylicGraph\DirectedAcrylicGraph.csproj", "{97184025-639E-4B44-82D8-AE65395BA775}"
EndProject
Global
	GlobalSection(SolutionConfigurationPlatforms) = preSolution
		Debug|Any CPU = Debug|Any CPU
		Release|Any CPU = Release|Any CPU
	EndGlobalSection
	GlobalSection(ProjectConfigurationPlatforms) = postSolution
		{97184025-639E-4B44-82D8-AE65395BA775}.Debug|Any CPU.ActiveCfg = Debug|Any CPU
		{97184025-639E-4B44-82D8-AE65395BA775}.Debug|Any CPU.Build.0 = Debug|Any CPU
		{97184025-639E-4B44-82D8-AE65395BA775}.Release|Any CPU.ActiveCfg = Release|Any CPU
		{97184025-639E-4B44-82D8-AE65395BA775}.Release|Any CPU.Build.0 = Release|Any CPU
	EndGlobalSection
EndGlobal
